{
  "name": "@porscheinformatik/material-addons",
  "version": "0.0.32",
  "lockfileVersion": 1,
  "requires": true,
  "dependencies": {
    "@angular/cdk": {
      "version": "8.2.3",
      "resolved": "https://registry.npmjs.org/@angular/cdk/-/cdk-8.2.3.tgz",
      "integrity": "sha512-ZwO5Sn720RA2YvBqud0JAHkZXjmjxM0yNzCO8RVtRE9i8Gl26Wk0j0nQeJkVm4zwv2QO8MwbKUKGTMt8evsokA==",
      "requires": {
        "parse5": "^5.0.0",
        "tslib": "^1.7.1"
      }
    },
    "@angular/material": {
      "version": "8.2.3",
      "resolved": "https://registry.npmjs.org/@angular/material/-/material-8.2.3.tgz",
      "integrity": "sha512-SOczkIaqes+r+9XF/UUiokidfFKBpHkOPIaFK857sFD0FBNPvPEpOr5oHKCG3feERRwAFqHS7Wo2ohVEWypb5A==",
      "requires": {
        "tslib": "^1.7.1"
      }
    },
    "parse5": {
      "version": "5.1.0",
      "resolved": "https://repository.porscheinformatik.com/repository/npm-public/parse5/-/parse5-5.1.0.tgz",
      "integrity": "sha512-fxNG2sQjHvlVAYmzBZS9YlDp6PTSSDwa98vkD4QgVDDCAo84z5X1t5XyJQ62ImdLXx5NdIIfihey6xpum9/gRQ==",
      "optional": true
    },
    "tslib": {
      "version": "1.10.0",
      "resolved": "https://repository.porscheinformatik.com/repository/npm-public/tslib/-/tslib-1.10.0.tgz",
      "integrity": "sha512-qOebF53frne81cf0S9B41ByenJ3/IuH8yJKngAX35CmiZySA0khhkovshKK+jGCaMnVomla7gVlIcc3EvKPbTQ=="
    }
  }
}
